{
    "name": "readable-stream-clone",
    "version": "0.0.5",
    "lockfileVersion": 1,
    "requires": true,
    "dependencies": {
        "@types/node": {
            "version": "13.9.3",
            "resolved": "https://registry.npmjs.org/@types/node/-/node-13.9.3.tgz",
            "integrity": "sha512-01s+ac4qerwd6RHD+mVbOEsraDHSgUaefQlEdBbUolnQFjKwCr7luvAlEwW1RFojh67u0z4OUTjPn9LEl4zIkA==",
            "dev": true
        }
    }
}
